
Microsoft Visual Studio Solution File, Format Version 12.00
# Visual Studio Version 17
VisualStudioVersion = 17.5.33424.131
MinimumVisualStudioVersion = 10.0.40219.1
Project("{FAE04EC0-301F-11D3-BF4B-00C04F79EFBC}") = "MainGame", "MainGame.csproj", "{AC2B6C88-2EC1-4C20-B268-189347CE0238}"
EndProject
Global
	GlobalSection(SolutionConfigurationPlatforms) = preSolution
		Debug|Any CPU = Debug|Any CPU
		Release|Any CPU = Release|Any CPU
	EndGlobalSection
	GlobalSection(ProjectConfigurationPlatforms) = postSolution
		{AC2B6C88-2EC1-4C20-B268-189347CE0238}.Debug|Any CPU.ActiveCfg = Debug|Any CPU
		{AC2B6C88-2EC1-4C20-B268-189347CE0238}.Debug|Any CPU.Build.0 = Debug|Any CPU
		{AC2B6C88-2EC1-4C20-B268-189347CE0238}.Release|Any CPU.ActiveCfg = Release|Any CPU
		{AC2B6C88-2EC1-4C20-B268-189347CE0238}.Release|Any CPU.Build.0 = Release|Any CPU
	EndGlobalSection
	GlobalSection(SolutionProperties) = preSolution
		HideSolutionNode = FALSE
	EndGlobalSection
	GlobalSection(ExtensibilityGlobals) = postSolution
		SolutionGuid = {F51A1CA5-FB74-4735-82D6-B2E3E4BFC564}
	EndGlobalSection
EndGlobal
